{
  "lib/ens-contracts": {
    "tag": {
      "name": "v1.7.0",
      "rev": "9b034936a42f462fc04bc0a929a419ede5e18d59"
    }
  },
  "lib/forge-std": {
    "tag": {
      "name": "v1.16.2",
      "rev": "bf647bd6046f2f7da30d0c2bf435e5c76a780c1b"
    }
  },
  "lib/safe-smart-account": {
    "tag": {
      "name": "v1.5.0",
      "rev": "dc437e8fba8b4805d76bcbd1c668c9fd3d1e83be"
    }
  },
  "lib/solady": {
    "tag": {
      "name": "v0.1.26",
      "rev": "acd959aa4bd04720d640bf4e6a5c71037510cc4b"
    }
  }
}
